
Microsoft Visual Studio Solution File, Format Version 12.00
# Visual Studio Version 16
VisualStudioVersion = 16.0.30804.86
MinimumVisualStudioVersion = 10.0.40219.1
Project("{FAE04EC0-301F-11D3-BF4B-00C04F79EFBC}") = "WatchFile", "WatchFile\WatchFile.csproj", "{FD304837-FCA0-4C00-8421-9811D2B2B39B}"
EndProject
Global
	GlobalSection(SolutionConfigurationPlatforms) = preSolution
		Debug|Any CPU = Debug|Any CPU
		Release|Any CPU = Release|Any CPU
	EndGlobalSection
	GlobalSection(ProjectConfigurationPlatforms) = postSolution
		{FD304837-FCA0-4C00-8421-9811D2B2B39B}.Debug|Any CPU.ActiveCfg = Debug|Any CPU
		{FD304837-FCA0-4C00-8421-9811D2B2B39B}.Debug|Any CPU.Build.0 = Debug|Any CPU
		{FD304837-FCA0-4C00-8421-9811D2B2B39B}.Release|Any CPU.ActiveCfg = Release|Any CPU
		{FD304837-FCA0-4C00-8421-9811D2B2B39B}.Release|Any CPU.Build.0 = Release|Any CPU
	EndGlobalSection
	GlobalSection(SolutionProperties) = preSolution
		HideSolutionNode = FALSE
	EndGlobalSection
	GlobalSection(ExtensibilityGlobals) = postSolution
		SolutionGuid = {208E1F65-FB69-4A23-BF1C-A8B08C4C587D}
	EndGlobalSection
EndGlobal
